
Microsoft Visual Studio Solution File, Format Version 12.00
# Visual Studio Version 16
VisualStudioVersion = 16.0.30128.74
MinimumVisualStudioVersion = 10.0.40219.1
Project("{FAE04EC0-301F-11D3-BF4B-00C04F79EFBC}") = "Assignment169VoidMethod_StaticClass", "Assignment169\Assignment169VoidMethod_StaticClass.csproj", "{D390A8C8-9ADD-40CE-BE1B-32FB4E0B7973}"
EndProject
Global
	GlobalSection(SolutionConfigurationPlatforms) = preSolution
		Debug|Any CPU = Debug|Any CPU
		Release|Any CPU = Release|Any CPU
	EndGlobalSection
	GlobalSection(ProjectConfigurationPlatforms) = postSolution
		{D390A8C8-9ADD-40CE-BE1B-32FB4E0B7973}.Debug|Any CPU.ActiveCfg = Debug|Any CPU
		{D390A8C8-9ADD-40CE-BE1B-32FB4E0B7973}.Debug|Any CPU.Build.0 = Debug|Any CPU
		{D390A8C8-9ADD-40CE-BE1B-32FB4E0B7973}.Release|Any CPU.ActiveCfg = Release|Any CPU
		{D390A8C8-9ADD-40CE-BE1B-32FB4E0B7973}.Release|Any CPU.Build.0 = Release|Any CPU
	EndGlobalSection
	GlobalSection(SolutionProperties) = preSolution
		HideSolutionNode = FALSE
	EndGlobalSection
	GlobalSection(ExtensibilityGlobals) = postSolution
		SolutionGuid = {C08F2C51-9F3C-48AD-A072-52CAD57701B1}
	EndGlobalSection
EndGlobal
