
Microsoft Visual Studio Solution File, Format Version 12.00
# Visual Studio Version 16
VisualStudioVersion = 16.0.30128.74
MinimumVisualStudioVersion = 10.0.40219.1
Project("{FAE04EC0-301F-11D3-BF4B-00C04F79EFBC}") = "Assignment165", "Assignment165\Assignment165.csproj", "{0F74CC96-2965-4AC1-A5E1-51AFB57699D9}"
EndProject
Global
	GlobalSection(SolutionConfigurationPlatforms) = preSolution
		Debug|Any CPU = Debug|Any CPU
		Release|Any CPU = Release|Any CPU
	EndGlobalSection
	GlobalSection(ProjectConfigurationPlatforms) = postSolution
		{0F74CC96-2965-4AC1-A5E1-51AFB57699D9}.Debug|Any CPU.ActiveCfg = Debug|Any CPU
		{0F74CC96-2965-4AC1-A5E1-51AFB57699D9}.Debug|Any CPU.Build.0 = Debug|Any CPU
		{0F74CC96-2965-4AC1-A5E1-51AFB57699D9}.Release|Any CPU.ActiveCfg = Release|Any CPU
		{0F74CC96-2965-4AC1-A5E1-51AFB57699D9}.Release|Any CPU.Build.0 = Release|Any CPU
	EndGlobalSection
	GlobalSection(SolutionProperties) = preSolution
		HideSolutionNode = FALSE
	EndGlobalSection
	GlobalSection(ExtensibilityGlobals) = postSolution
		SolutionGuid = {2C00E7DE-49FF-46E8-92F3-FA1F3A28C867}
	EndGlobalSection
EndGlobal
