
Microsoft Visual Studio Solution File, Format Version 12.00
# Visual Studio Version 16
VisualStudioVersion = 16.0.30128.74
MinimumVisualStudioVersion = 10.0.40219.1
Project("{FAE04EC0-301F-11D3-BF4B-00C04F79EFBC}") = "Anonymous_Income_Comparison", "Anonymous_Income_Comparison\Anonymous_Income_Comparison.csproj", "{365AF328-09FF-4E2D-BB1C-DD386D9EA986}"
EndProject
Global
	GlobalSection(SolutionConfigurationPlatforms) = preSolution
		Debug|Any CPU = Debug|Any CPU
		Release|Any CPU = Release|Any CPU
	EndGlobalSection
	GlobalSection(ProjectConfigurationPlatforms) = postSolution
		{365AF328-09FF-4E2D-BB1C-DD386D9EA986}.Debug|Any CPU.ActiveCfg = Debug|Any CPU
		{365AF328-09FF-4E2D-BB1C-DD386D9EA986}.Debug|Any CPU.Build.0 = Debug|Any CPU
		{365AF328-09FF-4E2D-BB1C-DD386D9EA986}.Release|Any CPU.ActiveCfg = Release|Any CPU
		{365AF328-09FF-4E2D-BB1C-DD386D9EA986}.Release|Any CPU.Build.0 = Release|Any CPU
	EndGlobalSection
	GlobalSection(SolutionProperties) = preSolution
		HideSolutionNode = FALSE
	EndGlobalSection
	GlobalSection(ExtensibilityGlobals) = postSolution
		SolutionGuid = {53BE1DDD-341A-4B4D-ADAE-4AD0216C533A}
	EndGlobalSection
EndGlobal
