
Microsoft Visual Studio Solution File, Format Version 12.00
# Visual Studio Version 16
VisualStudioVersion = 16.0.30128.74
MinimumVisualStudioVersion = 10.0.40219.1
Project("{FAE04EC0-301F-11D3-BF4B-00C04F79EFBC}") = "Assignment166", "Assignment166\Assignment166.csproj", "{2ADBECEC-B7B2-462C-91CE-6E0FC98C245D}"
EndProject
Global
	GlobalSection(SolutionConfigurationPlatforms) = preSolution
		Debug|Any CPU = Debug|Any CPU
		Release|Any CPU = Release|Any CPU
	EndGlobalSection
	GlobalSection(ProjectConfigurationPlatforms) = postSolution
		{2ADBECEC-B7B2-462C-91CE-6E0FC98C245D}.Debug|Any CPU.ActiveCfg = Debug|Any CPU
		{2ADBECEC-B7B2-462C-91CE-6E0FC98C245D}.Debug|Any CPU.Build.0 = Debug|Any CPU
		{2ADBECEC-B7B2-462C-91CE-6E0FC98C245D}.Release|Any CPU.ActiveCfg = Release|Any CPU
		{2ADBECEC-B7B2-462C-91CE-6E0FC98C245D}.Release|Any CPU.Build.0 = Release|Any CPU
	EndGlobalSection
	GlobalSection(SolutionProperties) = preSolution
		HideSolutionNode = FALSE
	EndGlobalSection
	GlobalSection(ExtensibilityGlobals) = postSolution
		SolutionGuid = {CBA6D8F8-F0F3-481A-A8A4-344243C74226}
	EndGlobalSection
EndGlobal
